
Microsoft Visual Studio Solution File, Format Version 12.00
# Visual Studio Version 17
VisualStudioVersion = 17.0.31903.59
MinimumVisualStudioVersion = 10.0.40219.1
Project("{2150E333-8FDC-42A3-9474-1A3956D46DE8}") = "src", "src", "{827E0CD3-B72D-47B6-A68D-7590B98EB39B}"
EndProject
Project("{FAE04EC0-301F-11D3-BF4B-00C04F79EFBC}") = "ShareQ.Core", "src\ShareQ.Core\ShareQ.Core.csproj", "{0CE4DD39-C799-4B43-85D0-787BE5521A9E}"
EndProject
Project("{2150E333-8FDC-42A3-9474-1A3956D46DE8}") = "tests", "tests", "{0AB3BF05-4346-4AA6-1389-037BE0695223}"
EndProject
Project("{FAE04EC0-301F-11D3-BF4B-00C04F79EFBC}") = "ShareQ.Core.Tests", "tests\ShareQ.Core.Tests\ShareQ.Core.Tests.csproj", "{7511D8F0-A4B0-45E4-9D87-8E25096029AC}"
EndProject
Project("{FAE04EC0-301F-11D3-BF4B-00C04F79EFBC}") = "ShareQ.Shared", "src\ShareQ.Shared\ShareQ.Shared.csproj", "{190F5E96-E9C5-4E73-80D6-C70F98BD530B}"
EndProject
Project("{FAE04EC0-301F-11D3-BF4B-00C04F79EFBC}") = "ShareQ.Storage", "src\ShareQ.Storage\ShareQ.Storage.csproj", "{40101E71-1E85-4399-A975-AE878D30523D}"
EndProject
Project("{FAE04EC0-301F-11D3-BF4B-00C04F79EFBC}") = "ShareQ.Storage.Tests", "tests\ShareQ.Storage.Tests\ShareQ.Storage.Tests.csproj", "{2CB68E99-BF9D-4261-A2BB-55295C4E0494}"
EndProject
Project("{FAE04EC0-301F-11D3-BF4B-00C04F79EFBC}") = "ShareQ.Clipboard", "src\ShareQ.Clipboard\ShareQ.Clipboard.csproj", "{9E690FF3-147F-46F9-A0B7-9326A56956A0}"
EndProject
Project("{FAE04EC0-301F-11D3-BF4B-00C04F79EFBC}") = "ShareQ.Capture", "src\ShareQ.Capture\ShareQ.Capture.csproj", "{82058594-E029-434A-8C3D-3FA2B41BC17C}"
EndProject
Project("{FAE04EC0-301F-11D3-BF4B-00C04F79EFBC}") = "ShareQ.Hotkeys", "src\ShareQ.Hotkeys\ShareQ.Hotkeys.csproj", "{9217C2AD-3D70-4986-80C6-87BF4D0032D7}"
EndProject
Project("{FAE04EC0-301F-11D3-BF4B-00C04F79EFBC}") = "ShareQ.Updater", "src\ShareQ.Updater\ShareQ.Updater.csproj", "{FA7AF5F8-3781-4F64-90B1-FA7EFFE83DBC}"
EndProject
Project("{FAE04EC0-301F-11D3-BF4B-00C04F79EFBC}") = "ShareQ.Pipeline", "src\ShareQ.Pipeline\ShareQ.Pipeline.csproj", "{47BB6789-481C-434D-BEBD-F3D82D5CC500}"
EndProject
Project("{FAE04EC0-301F-11D3-BF4B-00C04F79EFBC}") = "ShareQ.Pipeline.Tests", "tests\ShareQ.Pipeline.Tests\ShareQ.Pipeline.Tests.csproj", "{42CA58E5-1295-4382-A76B-E54DE56C4D69}"
EndProject
Project("{FAE04EC0-301F-11D3-BF4B-00C04F79EFBC}") = "ShareQ.Editor", "src\ShareQ.Editor\ShareQ.Editor.csproj", "{369B6507-1CC2-45D9-8BB7-020119EE30C1}"
EndProject
Project("{FAE04EC0-301F-11D3-BF4B-00C04F79EFBC}") = "ShareQ.Plugins", "src\ShareQ.Plugins\ShareQ.Plugins.csproj", "{4E4AD4C1-5B7A-4258-AC98-169C3030E9D9}"
EndProject
Project("{FAE04EC0-301F-11D3-BF4B-00C04F79EFBC}") = "ShareQ.Plugins.Tests", "tests\ShareQ.Plugins.Tests\ShareQ.Plugins.Tests.csproj", "{AC8E5396-4377-404C-825A-58A0ABE17445}"
EndProject
Project("{2150E333-8FDC-42A3-9474-1A3956D46DE8}") = "plugins", "plugins", "{07D57EEB-2F50-60C4-C011-FE4FA775C9A8}"
EndProject
Project("{FAE04EC0-301F-11D3-BF4B-00C04F79EFBC}") = "ShareQ.Uploaders.Imgur", "plugins\ShareQ.Uploaders.Imgur\ShareQ.Uploaders.Imgur.csproj", "{A2E91E68-6864-4C0C-AC1F-3DA0FEADA968}"
EndProject
Project("{FAE04EC0-301F-11D3-BF4B-00C04F79EFBC}") = "ShareQ.Uploaders.OneDrive", "plugins\ShareQ.Uploaders.OneDrive\ShareQ.Uploaders.OneDrive.csproj", "{01A3D283-5FD2-4870-8CA0-C2DBD0077B04}"
EndProject
Project("{FAE04EC0-301F-11D3-BF4B-00C04F79EFBC}") = "ShareQ.App", "src\ShareQ.App\ShareQ.App.csproj", "{E2EC9FF3-52E1-4CC7-BEB9-F4D0F9839C19}"
EndProject
Project("{FAE04EC0-301F-11D3-BF4B-00C04F79EFBC}") = "ShareQ.Hotkeys.Tests", "tests\ShareQ.Hotkeys.Tests\ShareQ.Hotkeys.Tests.csproj", "{14F8376E-10A9-4FE3-9208-0C2B4F5EB581}"
EndProject
Project("{FAE04EC0-301F-11D3-BF4B-00C04F79EFBC}") = "ShareQ.Clipboard.Tests", "tests\ShareQ.Clipboard.Tests\ShareQ.Clipboard.Tests.csproj", "{EB97773F-9A65-4152-BE80-CC9D0A786EDB}"
EndProject
Project("{FAE04EC0-301F-11D3-BF4B-00C04F79EFBC}") = "ShareQ.Editor.Tests", "tests\ShareQ.Editor.Tests\ShareQ.Editor.Tests.csproj", "{CC445F0A-3BDB-45C4-954E-F00F0285FFEA}"
EndProject
Project("{FAE04EC0-301F-11D3-BF4B-00C04F79EFBC}") = "ShareQ.PluginContracts", "src\ShareQ.PluginContracts\ShareQ.PluginContracts.csproj", "{57DFCB78-02C9-48D0-AEF0-E42FF43CCBBA}"
EndProject
Project("{FAE04EC0-301F-11D3-BF4B-00C04F79EFBC}") = "ShareQ.Uploaders.Catbox", "plugins\ShareQ.Uploaders.Catbox\ShareQ.Uploaders.Catbox.csproj", "{729962D6-EAEE-401B-AB5D-917A517C44C5}"
EndProject
Project("{FAE04EC0-301F-11D3-BF4B-00C04F79EFBC}") = "ShareQ.Uploaders.Litterbox", "plugins\ShareQ.Uploaders.Litterbox\ShareQ.Uploaders.Litterbox.csproj", "{5D54B2DB-0721-4E94-89A0-D3A3A893907C}"
EndProject
Project("{FAE04EC0-301F-11D3-BF4B-00C04F79EFBC}") = "ShareQ.Uploaders.GoogleDrive", "plugins\ShareQ.Uploaders.GoogleDrive\ShareQ.Uploaders.GoogleDrive.csproj", "{C0A44301-D1FD-4B5B-80C9-FE3BED7D4B8C}"
EndProject
Global
	GlobalSection(SolutionConfigurationPlatforms) = preSolution
		Debug|Any CPU = Debug|Any CPU
		Debug|x64 = Debug|x64
		Debug|x86 = Debug|x86
		Release|Any CPU = Release|Any CPU
		Release|x64 = Release|x64
		Release|x86 = Release|x86
	EndGlobalSection
	GlobalSection(ProjectConfigurationPlatforms) = postSolution
		{0CE4DD39-C799-4B43-85D0-787BE5521A9E}.Debug|Any CPU.ActiveCfg = Debug|Any CPU
		{0CE4DD39-C799-4B43-85D0-787BE5521A9E}.Debug|Any CPU.Build.0 = Debug|Any CPU
		{0CE4DD39-C799-4B43-85D0-787BE5521A9E}.Debug|x64.ActiveCfg = Debug|Any CPU
		{0CE4DD39-C799-4B43-85D0-787BE5521A9E}.Debug|x64.Build.0 = Debug|Any CPU
		{0CE4DD39-C799-4B43-85D0-787BE5521A9E}.Debug|x86.ActiveCfg = Debug|Any CPU
		{0CE4DD39-C799-4B43-85D0-787BE5521A9E}.Debug|x86.Build.0 = Debug|Any CPU
		{0CE4DD39-C799-4B43-85D0-787BE5521A9E}.Release|Any CPU.ActiveCfg = Release|Any CPU
		{0CE4DD39-C799-4B43-85D0-787BE5521A9E}.Release|Any CPU.Build.0 = Release|Any CPU
		{0CE4DD39-C799-4B43-85D0-787BE5521A9E}.Release|x64.ActiveCfg = Release|Any CPU
		{0CE4DD39-C799-4B43-85D0-787BE5521A9E}.Release|x64.Build.0 = Release|Any CPU
		{0CE4DD39-C799-4B43-85D0-787BE5521A9E}.Release|x86.ActiveCfg = Release|Any CPU
		{0CE4DD39-C799-4B43-85D0-787BE5521A9E}.Release|x86.Build.0 = Release|Any CPU
		{7511D8F0-A4B0-45E4-9D87-8E25096029AC}.Debug|Any CPU.ActiveCfg = Debug|Any CPU
		{7511D8F0-A4B0-45E4-9D87-8E25096029AC}.Debug|Any CPU.Build.0 = Debug|Any CPU
		{7511D8F0-A4B0-45E4-9D87-8E25096029AC}.Debug|x64.ActiveCfg = Debug|Any CPU
		{7511D8F0-A4B0-45E4-9D87-8E25096029AC}.Debug|x64.Build.0 = Debug|Any CPU
		{7511D8F0-A4B0-45E4-9D87-8E25096029AC}.Debug|x86.ActiveCfg = Debug|Any CPU
		{7511D8F0-A4B0-45E4-9D87-8E25096029AC}.Debug|x86.Build.0 = Debug|Any CPU
		{7511D8F0-A4B0-45E4-9D87-8E25096029AC}.Release|Any CPU.ActiveCfg = Release|Any CPU
		{7511D8F0-A4B0-45E4-9D87-8E25096029AC}.Release|Any CPU.Build.0 = Release|Any CPU
		{7511D8F0-A4B0-45E4-9D87-8E25096029AC}.Release|x64.ActiveCfg = Release|Any CPU
		{7511D8F0-A4B0-45E4-9D87-8E25096029AC}.Release|x64.Build.0 = Release|Any CPU
		{7511D8F0-A4B0-45E4-9D87-8E25096029AC}.Release|x86.ActiveCfg = Release|Any CPU
		{7511D8F0-A4B0-45E4-9D87-8E25096029AC}.Release|x86.Build.0 = Release|Any CPU
		{190F5E96-E9C5-4E73-80D6-C70F98BD530B}.Debug|Any CPU.ActiveCfg = Debug|Any CPU
		{190F5E96-E9C5-4E73-80D6-C70F98BD530B}.Debug|Any CPU.Build.0 = Debug|Any CPU
		{190F5E96-E9C5-4E73-80D6-C70F98BD530B}.Debug|x64.ActiveCfg = Debug|Any CPU
		{190F5E96-E9C5-4E73-80D6-C70F98BD530B}.Debug|x64.Build.0 = Debug|Any CPU
		{190F5E96-E9C5-4E73-80D6-C70F98BD530B}.Debug|x86.ActiveCfg = Debug|Any CPU
		{190F5E96-E9C5-4E73-80D6-C70F98BD530B}.Debug|x86.Build.0 = Debug|Any CPU
		{190F5E96-E9C5-4E73-80D6-C70F98BD530B}.Release|Any CPU.ActiveCfg = Release|Any CPU
		{190F5E96-E9C5-4E73-80D6-C70F98BD530B}.Release|Any CPU.Build.0 = Release|Any CPU
		{190F5E96-E9C5-4E73-80D6-C70F98BD530B}.Release|x64.ActiveCfg = Release|Any CPU
		{190F5E96-E9C5-4E73-80D6-C70F98BD530B}.Release|x64.Build.0 = Release|Any CPU
		{190F5E96-E9C5-4E73-80D6-C70F98BD530B}.Release|x86.ActiveCfg = Release|Any CPU
		{190F5E96-E9C5-4E73-80D6-C70F98BD530B}.Release|x86.Build.0 = Release|Any CPU
		{40101E71-1E85-4399-A975-AE878D30523D}.Debug|Any CPU.ActiveCfg = Debug|Any CPU
		{40101E71-1E85-4399-A975-AE878D30523D}.Debug|Any CPU.Build.0 = Debug|Any CPU
		{40101E71-1E85-4399-A975-AE878D30523D}.Debug|x64.ActiveCfg = Debug|Any CPU
		{40101E71-1E85-4399-A975-AE878D30523D}.Debug|x64.Build.0 = Debug|Any CPU
		{40101E71-1E85-4399-A975-AE878D30523D}.Debug|x86.ActiveCfg = Debug|Any CPU
		{40101E71-1E85-4399-A975-AE878D30523D}.Debug|x86.Build.0 = Debug|Any CPU
		{40101E71-1E85-4399-A975-AE878D30523D}.Release|Any CPU.ActiveCfg = Release|Any CPU
		{40101E71-1E85-4399-A975-AE878D30523D}.Release|Any CPU.Build.0 = Release|Any CPU
		{40101E71-1E85-4399-A975-AE878D30523D}.Release|x64.ActiveCfg = Release|Any CPU
		{40101E71-1E85-4399-A975-AE878D30523D}.Release|x64.Build.0 = Release|Any CPU
		{40101E71-1E85-4399-A975-AE878D30523D}.Release|x86.ActiveCfg = Release|Any CPU
		{40101E71-1E85-4399-A975-AE878D30523D}.Release|x86.Build.0 = Release|Any CPU
		{2CB68E99-BF9D-4261-A2BB-55295C4E0494}.Debug|Any CPU.ActiveCfg = Debug|Any CPU
		{2CB68E99-BF9D-4261-A2BB-55295C4E0494}.Debug|Any CPU.Build.0 = Debug|Any CPU
		{2CB68E99-BF9D-4261-A2BB-55295C4E0494}.Debug|x64.ActiveCfg = Debug|Any CPU
		{2CB68E99-BF9D-4261-A2BB-55295C4E0494}.Debug|x64.Build.0 = Debug|Any CPU
		{2CB68E99-BF9D-4261-A2BB-55295C4E0494}.Debug|x86.ActiveCfg = Debug|Any CPU
		{2CB68E99-BF9D-4261-A2BB-55295C4E0494}.Debug|x86.Build.0 = Debug|Any CPU
		{2CB68E99-BF9D-4261-A2BB-55295C4E0494}.Release|Any CPU.ActiveCfg = Release|Any CPU
		{2CB68E99-BF9D-4261-A2BB-55295C4E0494}.Release|Any CPU.Build.0 = Release|Any CPU
		{2CB68E99-BF9D-4261-A2BB-55295C4E0494}.Release|x64.ActiveCfg = Release|Any CPU
		{2CB68E99-BF9D-4261-A2BB-55295C4E0494}.Release|x64.Build.0 = Release|Any CPU
		{2CB68E99-BF9D-4261-A2BB-55295C4E0494}.Release|x86.ActiveCfg = Release|Any CPU
		{2CB68E99-BF9D-4261-A2BB-55295C4E0494}.Release|x86.Build.0 = Release|Any CPU
		{9E690FF3-147F-46F9-A0B7-9326A56956A0}.Debug|Any CPU.ActiveCfg = Debug|Any CPU
		{9E690FF3-147F-46F9-A0B7-9326A56956A0}.Debug|Any CPU.Build.0 = Debug|Any CPU
		{9E690FF3-147F-46F9-A0B7-9326A56956A0}.Debug|x64.ActiveCfg = Debug|Any CPU
		{9E690FF3-147F-46F9-A0B7-9326A56956A0}.Debug|x64.Build.0 = Debug|Any CPU
		{9E690FF3-147F-46F9-A0B7-9326A56956A0}.Debug|x86.ActiveCfg = Debug|Any CPU
		{9E690FF3-147F-46F9-A0B7-9326A56956A0}.Debug|x86.Build.0 = Debug|Any CPU
		{9E690FF3-147F-46F9-A0B7-9326A56956A0}.Release|Any CPU.ActiveCfg = Release|Any CPU
		{9E690FF3-147F-46F9-A0B7-9326A56956A0}.Release|Any CPU.Build.0 = Release|Any CPU
		{9E690FF3-147F-46F9-A0B7-9326A56956A0}.Release|x64.ActiveCfg = Release|Any CPU
		{9E690FF3-147F-46F9-A0B7-9326A56956A0}.Release|x64.Build.0 = Release|Any CPU
		{9E690FF3-147F-46F9-A0B7-9326A56956A0}.Release|x86.ActiveCfg = Release|Any CPU
		{9E690FF3-147F-46F9-A0B7-9326A56956A0}.Release|x86.Build.0 = Release|Any CPU
		{82058594-E029-434A-8C3D-3FA2B41BC17C}.Debug|Any CPU.ActiveCfg = Debug|Any CPU
		{82058594-E029-434A-8C3D-3FA2B41BC17C}.Debug|Any CPU.Build.0 = Debug|Any CPU
		{82058594-E029-434A-8C3D-3FA2B41BC17C}.Debug|x64.ActiveCfg = Debug|Any CPU
		{82058594-E029-434A-8C3D-3FA2B41BC17C}.Debug|x64.Build.0 = Debug|Any CPU
		{82058594-E029-434A-8C3D-3FA2B41BC17C}.Debug|x86.ActiveCfg = Debug|Any CPU
		{82058594-E029-434A-8C3D-3FA2B41BC17C}.Debug|x86.Build.0 = Debug|Any CPU
		{82058594-E029-434A-8C3D-3FA2B41BC17C}.Release|Any CPU.ActiveCfg = Release|Any CPU
		{82058594-E029-434A-8C3D-3FA2B41BC17C}.Release|Any CPU.Build.0 = Release|Any CPU
		{82058594-E029-434A-8C3D-3FA2B41BC17C}.Release|x64.ActiveCfg = Release|Any CPU
		{82058594-E029-434A-8C3D-3FA2B41BC17C}.Release|x64.Build.0 = Release|Any CPU
		{82058594-E029-434A-8C3D-3FA2B41BC17C}.Release|x86.ActiveCfg = Release|Any CPU
		{82058594-E029-434A-8C3D-3FA2B41BC17C}.Release|x86.Build.0 = Release|Any CPU
		{9217C2AD-3D70-4986-80C6-87BF4D0032D7}.Debug|Any CPU.ActiveCfg = Debug|Any CPU
		{9217C2AD-3D70-4986-80C6-87BF4D0032D7}.Debug|Any CPU.Build.0 = Debug|Any CPU
		{9217C2AD-3D70-4986-80C6-87BF4D0032D7}.Debug|x64.ActiveCfg = Debug|Any CPU
		{9217C2AD-3D70-4986-80C6-87BF4D0032D7}.Debug|x64.Build.0 = Debug|Any CPU
		{9217C2AD-3D70-4986-80C6-87BF4D0032D7}.Debug|x86.ActiveCfg = Debug|Any CPU
		{9217C2AD-3D70-4986-80C6-87BF4D0032D7}.Debug|x86.Build.0 = Debug|Any CPU
		{9217C2AD-3D70-4986-80C6-87BF4D0032D7}.Release|Any CPU.ActiveCfg = Release|Any CPU
		{9217C2AD-3D70-4986-80C6-87BF4D0032D7}.Release|Any CPU.Build.0 = Release|Any CPU
		{9217C2AD-3D70-4986-80C6-87BF4D0032D7}.Release|x64.ActiveCfg = Release|Any CPU
		{9217C2AD-3D70-4986-80C6-87BF4D0032D7}.Release|x64.Build.0 = Release|Any CPU
		{9217C2AD-3D70-4986-80C6-87BF4D0032D7}.Release|x86.ActiveCfg = Release|Any CPU
		{9217C2AD-3D70-4986-80C6-87BF4D0032D7}.Release|x86.Build.0 = Release|Any CPU
		{FA7AF5F8-3781-4F64-90B1-FA7EFFE83DBC}.Debug|Any CPU.ActiveCfg = Debug|Any CPU
		{FA7AF5F8-3781-4F64-90B1-FA7EFFE83DBC}.Debug|Any CPU.Build.0 = Debug|Any CPU
		{FA7AF5F8-3781-4F64-90B1-FA7EFFE83DBC}.Debug|x64.ActiveCfg = Debug|Any CPU
		{FA7AF5F8-3781-4F64-90B1-FA7EFFE83DBC}.Debug|x64.Build.0 = Debug|Any CPU
		{FA7AF5F8-3781-4F64-90B1-FA7EFFE83DBC}.Debug|x86.ActiveCfg = Debug|Any CPU
		{FA7AF5F8-3781-4F64-90B1-FA7EFFE83DBC}.Debug|x86.Build.0 = Debug|Any CPU
		{FA7AF5F8-3781-4F64-90B1-FA7EFFE83DBC}.Release|Any CPU.ActiveCfg = Release|Any CPU
		{FA7AF5F8-3781-4F64-90B1-FA7EFFE83DBC}.Release|Any CPU.Build.0 = Release|Any CPU
		{FA7AF5F8-3781-4F64-90B1-FA7EFFE83DBC}.Release|x64.ActiveCfg = Release|Any CPU
		{FA7AF5F8-3781-4F64-90B1-FA7EFFE83DBC}.Release|x64.Build.0 = Release|Any CPU
		{FA7AF5F8-3781-4F64-90B1-FA7EFFE83DBC}.Release|x86.ActiveCfg = Release|Any CPU
		{FA7AF5F8-3781-4F64-90B1-FA7EFFE83DBC}.Release|x86.Build.0 = Release|Any CPU
		{47BB6789-481C-434D-BEBD-F3D82D5CC500}.Debug|Any CPU.ActiveCfg = Debug|Any CPU
		{47BB6789-481C-434D-BEBD-F3D82D5CC500}.Debug|Any CPU.Build.0 = Debug|Any CPU
		{47BB6789-481C-434D-BEBD-F3D82D5CC500}.Debug|x64.ActiveCfg = Debug|Any CPU
		{47BB6789-481C-434D-BEBD-F3D82D5CC500}.Debug|x64.Build.0 = Debug|Any CPU
		{47BB6789-481C-434D-BEBD-F3D82D5CC500}.Debug|x86.ActiveCfg = Debug|Any CPU
		{47BB6789-481C-434D-BEBD-F3D82D5CC500}.Debug|x86.Build.0 = Debug|Any CPU
		{47BB6789-481C-434D-BEBD-F3D82D5CC500}.Release|Any CPU.ActiveCfg = Release|Any CPU
		{47BB6789-481C-434D-BEBD-F3D82D5CC500}.Release|Any CPU.Build.0 = Release|Any CPU
		{47BB6789-481C-434D-BEBD-F3D82D5CC500}.Release|x64.ActiveCfg = Release|Any CPU
		{47BB6789-481C-434D-BEBD-F3D82D5CC500}.Release|x64.Build.0 = Release|Any CPU
		{47BB6789-481C-434D-BEBD-F3D82D5CC500}.Release|x86.ActiveCfg = Release|Any CPU
		{47BB6789-481C-434D-BEBD-F3D82D5CC500}.Release|x86.Build.0 = Release|Any CPU
		{42CA58E5-1295-4382-A76B-E54DE56C4D69}.Debug|Any CPU.ActiveCfg = Debug|Any CPU
		{42CA58E5-1295-4382-A76B-E54DE56C4D69}.Debug|Any CPU.Build.0 = Debug|Any CPU
		{42CA58E5-1295-4382-A76B-E54DE56C4D69}.Debug|x64.ActiveCfg = Debug|Any CPU
		{42CA58E5-1295-4382-A76B-E54DE56C4D69}.Debug|x64.Build.0 = Debug|Any CPU
		{42CA58E5-1295-4382-A76B-E54DE56C4D69}.Debug|x86.ActiveCfg = Debug|Any CPU
		{42CA58E5-1295-4382-A76B-E54DE56C4D69}.Debug|x86.Build.0 = Debug|Any CPU
		{42CA58E5-1295-4382-A76B-E54DE56C4D69}.Release|Any CPU.ActiveCfg = Release|Any CPU
		{42CA58E5-1295-4382-A76B-E54DE56C4D69}.Release|Any CPU.Build.0 = Release|Any CPU
		{42CA58E5-1295-4382-A76B-E54DE56C4D69}.Release|x64.ActiveCfg = Release|Any CPU
		{42CA58E5-1295-4382-A76B-E54DE56C4D69}.Release|x64.Build.0 = Release|Any CPU
		{42CA58E5-1295-4382-A76B-E54DE56C4D69}.Release|x86.ActiveCfg = Release|Any CPU
		{42CA58E5-1295-4382-A76B-E54DE56C4D69}.Release|x86.Build.0 = Release|Any CPU
		{369B6507-1CC2-45D9-8BB7-020119EE30C1}.Debug|Any CPU.ActiveCfg = Debug|Any CPU
		{369B6507-1CC2-45D9-8BB7-020119EE30C1}.Debug|Any CPU.Build.0 = Debug|Any CPU
		{369B6507-1CC2-45D9-8BB7-020119EE30C1}.Debug|x64.ActiveCfg = Debug|Any CPU
		{369B6507-1CC2-45D9-8BB7-020119EE30C1}.Debug|x64.Build.0 = Debug|Any CPU
		{369B6507-1CC2-45D9-8BB7-020119EE30C1}.Debug|x86.ActiveCfg = Debug|Any CPU
		{369B6507-1CC2-45D9-8BB7-020119EE30C1}.Debug|x86.Build.0 = Debug|Any CPU
		{369B6507-1CC2-45D9-8BB7-020119EE30C1}.Release|Any CPU.ActiveCfg = Release|Any CPU
		{369B6507-1CC2-45D9-8BB7-020119EE30C1}.Release|Any CPU.Build.0 = Release|Any CPU
		{369B6507-1CC2-45D9-8BB7-020119EE30C1}.Release|x64.ActiveCfg = Release|Any CPU
		{369B6507-1CC2-45D9-8BB7-020119EE30C1}.Release|x64.Build.0 = Release|Any CPU
		{369B6507-1CC2-45D9-8BB7-020119EE30C1}.Release|x86.ActiveCfg = Release|Any CPU
		{369B6507-1CC2-45D9-8BB7-020119EE30C1}.Release|x86.Build.0 = Release|Any CPU
		{4E4AD4C1-5B7A-4258-AC98-169C3030E9D9}.Debug|Any CPU.ActiveCfg = Debug|Any CPU
		{4E4AD4C1-5B7A-4258-AC98-169C3030E9D9}.Debug|Any CPU.Build.0 = Debug|Any CPU
		{4E4AD4C1-5B7A-4258-AC98-169C3030E9D9}.Debug|x64.ActiveCfg = Debug|Any CPU
		{4E4AD4C1-5B7A-4258-AC98-169C3030E9D9}.Debug|x64.Build.0 = Debug|Any CPU
		{4E4AD4C1-5B7A-4258-AC98-169C3030E9D9}.Debug|x86.ActiveCfg = Debug|Any CPU
		{4E4AD4C1-5B7A-4258-AC98-169C3030E9D9}.Debug|x86.Build.0 = Debug|Any CPU
		{4E4AD4C1-5B7A-4258-AC98-169C3030E9D9}.Release|Any CPU.ActiveCfg = Release|Any CPU
		{4E4AD4C1-5B7A-4258-AC98-169C3030E9D9}.Release|Any CPU.Build.0 = Release|Any CPU
		{4E4AD4C1-5B7A-4258-AC98-169C3030E9D9}.Release|x64.ActiveCfg = Release|Any CPU
		{4E4AD4C1-5B7A-4258-AC98-169C3030E9D9}.Release|x64.Build.0 = Release|Any CPU
		{4E4AD4C1-5B7A-4258-AC98-169C3030E9D9}.Release|x86.ActiveCfg = Release|Any CPU
		{4E4AD4C1-5B7A-4258-AC98-169C3030E9D9}.Release|x86.Build.0 = Release|Any CPU
		{AC8E5396-4377-404C-825A-58A0ABE17445}.Debug|Any CPU.ActiveCfg = Debug|Any CPU
		{AC8E5396-4377-404C-825A-58A0ABE17445}.Debug|Any CPU.Build.0 = Debug|Any CPU
		{AC8E5396-4377-404C-825A-58A0ABE17445}.Debug|x64.ActiveCfg = Debug|Any CPU
		{AC8E5396-4377-404C-825A-58A0ABE17445}.Debug|x64.Build.0 = Debug|Any CPU
		{AC8E5396-4377-404C-825A-58A0ABE17445}.Debug|x86.ActiveCfg = Debug|Any CPU
		{AC8E5396-4377-404C-825A-58A0ABE17445}.Debug|x86.Build.0 = Debug|Any CPU
		{AC8E5396-4377-404C-825A-58A0ABE17445}.Release|Any CPU.ActiveCfg = Release|Any CPU
		{AC8E5396-4377-404C-825A-58A0ABE17445}.Release|Any CPU.Build.0 = Release|Any CPU
		{AC8E5396-4377-404C-825A-58A0ABE17445}.Release|x64.ActiveCfg = Release|Any CPU
		{AC8E5396-4377-404C-825A-58A0ABE17445}.Release|x64.Build.0 = Release|Any CPU
		{AC8E5396-4377-404C-825A-58A0ABE17445}.Release|x86.ActiveCfg = Release|Any CPU
		{AC8E5396-4377-404C-825A-58A0ABE17445}.Release|x86.Build.0 = Release|Any CPU
		{A2E91E68-6864-4C0C-AC1F-3DA0FEADA968}.Debug|Any CPU.ActiveCfg = Debug|Any CPU
		{A2E91E68-6864-4C0C-AC1F-3DA0FEADA968}.Debug|Any CPU.Build.0 = Debug|Any CPU
		{A2E91E68-6864-4C0C-AC1F-3DA0FEADA968}.Debug|x64.ActiveCfg = Debug|Any CPU
		{A2E91E68-6864-4C0C-AC1F-3DA0FEADA968}.Debug|x64.Build.0 = Debug|Any CPU
		{A2E91E68-6864-4C0C-AC1F-3DA0FEADA968}.Debug|x86.ActiveCfg = Debug|Any CPU
		{A2E91E68-6864-4C0C-AC1F-3DA0FEADA968}.Debug|x86.Build.0 = Debug|Any CPU
		{A2E91E68-6864-4C0C-AC1F-3DA0FEADA968}.Release|Any CPU.ActiveCfg = Release|Any CPU
		{A2E91E68-6864-4C0C-AC1F-3DA0FEADA968}.Release|Any CPU.Build.0 = Release|Any CPU
		{A2E91E68-6864-4C0C-AC1F-3DA0FEADA968}.Release|x64.ActiveCfg = Release|Any CPU
		{A2E91E68-6864-4C0C-AC1F-3DA0FEADA968}.Release|x64.Build.0 = Release|Any CPU
		{A2E91E68-6864-4C0C-AC1F-3DA0FEADA968}.Release|x86.ActiveCfg = Release|Any CPU
		{A2E91E68-6864-4C0C-AC1F-3DA0FEADA968}.Release|x86.Build.0 = Release|Any CPU
		{01A3D283-5FD2-4870-8CA0-C2DBD0077B04}.Debug|Any CPU.ActiveCfg = Debug|Any CPU
		{01A3D283-5FD2-4870-8CA0-C2DBD0077B04}.Debug|Any CPU.Build.0 = Debug|Any CPU
		{01A3D283-5FD2-4870-8CA0-C2DBD0077B04}.Debug|x64.ActiveCfg = Debug|Any CPU
		{01A3D283-5FD2-4870-8CA0-C2DBD0077B04}.Debug|x64.Build.0 = Debug|Any CPU
		{01A3D283-5FD2-4870-8CA0-C2DBD0077B04}.Debug|x86.ActiveCfg = Debug|Any CPU
		{01A3D283-5FD2-4870-8CA0-C2DBD0077B04}.Debug|x86.Build.0 = Debug|Any CPU
		{01A3D283-5FD2-4870-8CA0-C2DBD0077B04}.Release|Any CPU.ActiveCfg = Release|Any CPU
		{01A3D283-5FD2-4870-8CA0-C2DBD0077B04}.Release|Any CPU.Build.0 = Release|Any CPU
		{01A3D283-5FD2-4870-8CA0-C2DBD0077B04}.Release|x64.ActiveCfg = Release|Any CPU
		{01A3D283-5FD2-4870-8CA0-C2DBD0077B04}.Release|x64.Build.0 = Release|Any CPU
		{01A3D283-5FD2-4870-8CA0-C2DBD0077B04}.Release|x86.ActiveCfg = Release|Any CPU
		{01A3D283-5FD2-4870-8CA0-C2DBD0077B04}.Release|x86.Build.0 = Release|Any CPU
		{E2EC9FF3-52E1-4CC7-BEB9-F4D0F9839C19}.Debug|Any CPU.ActiveCfg = Debug|Any CPU
		{E2EC9FF3-52E1-4CC7-BEB9-F4D0F9839C19}.Debug|Any CPU.Build.0 = Debug|Any CPU
		{E2EC9FF3-52E1-4CC7-BEB9-F4D0F9839C19}.Debug|x64.ActiveCfg = Debug|Any CPU
		{E2EC9FF3-52E1-4CC7-BEB9-F4D0F9839C19}.Debug|x64.Build.0 = Debug|Any CPU
		{E2EC9FF3-52E1-4CC7-BEB9-F4D0F9839C19}.Debug|x86.ActiveCfg = Debug|Any CPU
		{E2EC9FF3-52E1-4CC7-BEB9-F4D0F9839C19}.Debug|x86.Build.0 = Debug|Any CPU
		{E2EC9FF3-52E1-4CC7-BEB9-F4D0F9839C19}.Release|Any CPU.ActiveCfg = Release|Any CPU
		{E2EC9FF3-52E1-4CC7-BEB9-F4D0F9839C19}.Release|Any CPU.Build.0 = Release|Any CPU
		{E2EC9FF3-52E1-4CC7-BEB9-F4D0F9839C19}.Release|x64.ActiveCfg = Release|Any CPU
		{E2EC9FF3-52E1-4CC7-BEB9-F4D0F9839C19}.Release|x64.Build.0 = Release|Any CPU
		{E2EC9FF3-52E1-4CC7-BEB9-F4D0F9839C19}.Release|x86.ActiveCfg = Release|Any CPU
		{E2EC9FF3-52E1-4CC7-BEB9-F4D0F9839C19}.Release|x86.Build.0 = Release|Any CPU
		{14F8376E-10A9-4FE3-9208-0C2B4F5EB581}.Debug|Any CPU.ActiveCfg = Debug|Any CPU
		{14F8376E-10A9-4FE3-9208-0C2B4F5EB581}.Debug|Any CPU.Build.0 = Debug|Any CPU
		{14F8376E-10A9-4FE3-9208-0C2B4F5EB581}.Debug|x64.ActiveCfg = Debug|Any CPU
		{14F8376E-10A9-4FE3-9208-0C2B4F5EB581}.Debug|x64.Build.0 = Debug|Any CPU
		{14F8376E-10A9-4FE3-9208-0C2B4F5EB581}.Debug|x86.ActiveCfg = Debug|Any CPU
		{14F8376E-10A9-4FE3-9208-0C2B4F5EB581}.Debug|x86.Build.0 = Debug|Any CPU
		{14F8376E-10A9-4FE3-9208-0C2B4F5EB581}.Release|Any CPU.ActiveCfg = Release|Any CPU
		{14F8376E-10A9-4FE3-9208-0C2B4F5EB581}.Release|Any CPU.Build.0 = Release|Any CPU
		{14F8376E-10A9-4FE3-9208-0C2B4F5EB581}.Release|x64.ActiveCfg = Release|Any CPU
		{14F8376E-10A9-4FE3-9208-0C2B4F5EB581}.Release|x64.Build.0 = Release|Any CPU
		{14F8376E-10A9-4FE3-9208-0C2B4F5EB581}.Release|x86.ActiveCfg = Release|Any CPU
		{14F8376E-10A9-4FE3-9208-0C2B4F5EB581}.Release|x86.Build.0 = Release|Any CPU
		{EB97773F-9A65-4152-BE80-CC9D0A786EDB}.Debug|Any CPU.ActiveCfg = Debug|Any CPU
		{EB97773F-9A65-4152-BE80-CC9D0A786EDB}.Debug|Any CPU.Build.0 = Debug|Any CPU
		{EB97773F-9A65-4152-BE80-CC9D0A786EDB}.Debug|x64.ActiveCfg = Debug|Any CPU
		{EB97773F-9A65-4152-BE80-CC9D0A786EDB}.Debug|x64.Build.0 = Debug|Any CPU
		{EB97773F-9A65-4152-BE80-CC9D0A786EDB}.Debug|x86.ActiveCfg = Debug|Any CPU
		{EB97773F-9A65-4152-BE80-CC9D0A786EDB}.Debug|x86.Build.0 = Debug|Any CPU
		{EB97773F-9A65-4152-BE80-CC9D0A786EDB}.Release|Any CPU.ActiveCfg = Release|Any CPU
		{EB97773F-9A65-4152-BE80-CC9D0A786EDB}.Release|Any CPU.Build.0 = Release|Any CPU
		{EB97773F-9A65-4152-BE80-CC9D0A786EDB}.Release|x64.ActiveCfg = Release|Any CPU
		{EB97773F-9A65-4152-BE80-CC9D0A786EDB}.Release|x64.Build.0 = Release|Any CPU
		{EB97773F-9A65-4152-BE80-CC9D0A786EDB}.Release|x86.ActiveCfg = Release|Any CPU
		{EB97773F-9A65-4152-BE80-CC9D0A786EDB}.Release|x86.Build.0 = Release|Any CPU
		{CC445F0A-3BDB-45C4-954E-F00F0285FFEA}.Debug|Any CPU.ActiveCfg = Debug|Any CPU
		{CC445F0A-3BDB-45C4-954E-F00F0285FFEA}.Debug|Any CPU.Build.0 = Debug|Any CPU
		{CC445F0A-3BDB-45C4-954E-F00F0285FFEA}.Debug|x64.ActiveCfg = Debug|Any CPU
		{CC445F0A-3BDB-45C4-954E-F00F0285FFEA}.Debug|x64.Build.0 = Debug|Any CPU
		{CC445F0A-3BDB-45C4-954E-F00F0285FFEA}.Debug|x86.ActiveCfg = Debug|Any CPU
		{CC445F0A-3BDB-45C4-954E-F00F0285FFEA}.Debug|x86.Build.0 = Debug|Any CPU
		{CC445F0A-3BDB-45C4-954E-F00F0285FFEA}.Release|Any CPU.ActiveCfg = Release|Any CPU
		{CC445F0A-3BDB-45C4-954E-F00F0285FFEA}.Release|Any CPU.Build.0 = Release|Any CPU
		{CC445F0A-3BDB-45C4-954E-F00F0285FFEA}.Release|x64.ActiveCfg = Release|Any CPU
		{CC445F0A-3BDB-45C4-954E-F00F0285FFEA}.Release|x64.Build.0 = Release|Any CPU
		{CC445F0A-3BDB-45C4-954E-F00F0285FFEA}.Release|x86.ActiveCfg = Release|Any CPU
		{CC445F0A-3BDB-45C4-954E-F00F0285FFEA}.Release|x86.Build.0 = Release|Any CPU
		{57DFCB78-02C9-48D0-AEF0-E42FF43CCBBA}.Debug|Any CPU.ActiveCfg = Debug|Any CPU
		{57DFCB78-02C9-48D0-AEF0-E42FF43CCBBA}.Debug|Any CPU.Build.0 = Debug|Any CPU
		{57DFCB78-02C9-48D0-AEF0-E42FF43CCBBA}.Debug|x64.ActiveCfg = Debug|Any CPU
		{57DFCB78-02C9-48D0-AEF0-E42FF43CCBBA}.Debug|x64.Build.0 = Debug|Any CPU
		{57DFCB78-02C9-48D0-AEF0-E42FF43CCBBA}.Debug|x86.ActiveCfg = Debug|Any CPU
		{57DFCB78-02C9-48D0-AEF0-E42FF43CCBBA}.Debug|x86.Build.0 = Debug|Any CPU
		{57DFCB78-02C9-48D0-AEF0-E42FF43CCBBA}.Release|Any CPU.ActiveCfg = Release|Any CPU
		{57DFCB78-02C9-48D0-AEF0-E42FF43CCBBA}.Release|Any CPU.Build.0 = Release|Any CPU
		{57DFCB78-02C9-48D0-AEF0-E42FF43CCBBA}.Release|x64.ActiveCfg = Release|Any CPU
		{57DFCB78-02C9-48D0-AEF0-E42FF43CCBBA}.Release|x64.Build.0 = Release|Any CPU
		{57DFCB78-02C9-48D0-AEF0-E42FF43CCBBA}.Release|x86.ActiveCfg = Release|Any CPU
		{57DFCB78-02C9-48D0-AEF0-E42FF43CCBBA}.Release|x86.Build.0 = Release|Any CPU
		{729962D6-EAEE-401B-AB5D-917A517C44C5}.Debug|Any CPU.ActiveCfg = Debug|Any CPU
		{729962D6-EAEE-401B-AB5D-917A517C44C5}.Debug|Any CPU.Build.0 = Debug|Any CPU
		{729962D6-EAEE-401B-AB5D-917A517C44C5}.Debug|x64.ActiveCfg = Debug|Any CPU
		{729962D6-EAEE-401B-AB5D-917A517C44C5}.Debug|x64.Build.0 = Debug|Any CPU
		{729962D6-EAEE-401B-AB5D-917A517C44C5}.Debug|x86.ActiveCfg = Debug|Any CPU
		{729962D6-EAEE-401B-AB5D-917A517C44C5}.Debug|x86.Build.0 = Debug|Any CPU
		{729962D6-EAEE-401B-AB5D-917A517C44C5}.Release|Any CPU.ActiveCfg = Release|Any CPU
		{729962D6-EAEE-401B-AB5D-917A517C44C5}.Release|Any CPU.Build.0 = Release|Any CPU
		{729962D6-EAEE-401B-AB5D-917A517C44C5}.Release|x64.ActiveCfg = Release|Any CPU
		{729962D6-EAEE-401B-AB5D-917A517C44C5}.Release|x64.Build.0 = Release|Any CPU
		{729962D6-EAEE-401B-AB5D-917A517C44C5}.Release|x86.ActiveCfg = Release|Any CPU
		{729962D6-EAEE-401B-AB5D-917A517C44C5}.Release|x86.Build.0 = Release|Any CPU
		{5D54B2DB-0721-4E94-89A0-D3A3A893907C}.Debug|Any CPU.ActiveCfg = Debug|Any CPU
		{5D54B2DB-0721-4E94-89A0-D3A3A893907C}.Debug|Any CPU.Build.0 = Debug|Any CPU
		{5D54B2DB-0721-4E94-89A0-D3A3A893907C}.Debug|x64.ActiveCfg = Debug|Any CPU
		{5D54B2DB-0721-4E94-89A0-D3A3A893907C}.Debug|x64.Build.0 = Debug|Any CPU
		{5D54B2DB-0721-4E94-89A0-D3A3A893907C}.Debug|x86.ActiveCfg = Debug|Any CPU
		{5D54B2DB-0721-4E94-89A0-D3A3A893907C}.Debug|x86.Build.0 = Debug|Any CPU
		{5D54B2DB-0721-4E94-89A0-D3A3A893907C}.Release|Any CPU.ActiveCfg = Release|Any CPU
		{5D54B2DB-0721-4E94-89A0-D3A3A893907C}.Release|Any CPU.Build.0 = Release|Any CPU
		{5D54B2DB-0721-4E94-89A0-D3A3A893907C}.Release|x64.ActiveCfg = Release|Any CPU
		{5D54B2DB-0721-4E94-89A0-D3A3A893907C}.Release|x64.Build.0 = Release|Any CPU
		{5D54B2DB-0721-4E94-89A0-D3A3A893907C}.Release|x86.ActiveCfg = Release|Any CPU
		{5D54B2DB-0721-4E94-89A0-D3A3A893907C}.Release|x86.Build.0 = Release|Any CPU
		{C0A44301-D1FD-4B5B-80C9-FE3BED7D4B8C}.Debug|Any CPU.ActiveCfg = Debug|Any CPU
		{C0A44301-D1FD-4B5B-80C9-FE3BED7D4B8C}.Debug|Any CPU.Build.0 = Debug|Any CPU
		{C0A44301-D1FD-4B5B-80C9-FE3BED7D4B8C}.Debug|x64.ActiveCfg = Debug|Any CPU
		{C0A44301-D1FD-4B5B-80C9-FE3BED7D4B8C}.Debug|x64.Build.0 = Debug|Any CPU
		{C0A44301-D1FD-4B5B-80C9-FE3BED7D4B8C}.Debug|x86.ActiveCfg = Debug|Any CPU
		{C0A44301-D1FD-4B5B-80C9-FE3BED7D4B8C}.Debug|x86.Build.0 = Debug|Any CPU
		{C0A44301-D1FD-4B5B-80C9-FE3BED7D4B8C}.Release|Any CPU.ActiveCfg = Release|Any CPU
		{C0A44301-D1FD-4B5B-80C9-FE3BED7D4B8C}.Release|Any CPU.Build.0 = Release|Any CPU
		{C0A44301-D1FD-4B5B-80C9-FE3BED7D4B8C}.Release|x64.ActiveCfg = Release|Any CPU
		{C0A44301-D1FD-4B5B-80C9-FE3BED7D4B8C}.Release|x64.Build.0 = Release|Any CPU
		{C0A44301-D1FD-4B5B-80C9-FE3BED7D4B8C}.Release|x86.ActiveCfg = Release|Any CPU
		{C0A44301-D1FD-4B5B-80C9-FE3BED7D4B8C}.Release|x86.Build.0 = Release|Any CPU
	EndGlobalSection
	GlobalSection(SolutionProperties) = preSolution
		HideSolutionNode = FALSE
	EndGlobalSection
	GlobalSection(NestedProjects) = preSolution
		{0CE4DD39-C799-4B43-85D0-787BE5521A9E} = {827E0CD3-B72D-47B6-A68D-7590B98EB39B}
		{7511D8F0-A4B0-45E4-9D87-8E25096029AC} = {0AB3BF05-4346-4AA6-1389-037BE0695223}
		{190F5E96-E9C5-4E73-80D6-C70F98BD530B} = {827E0CD3-B72D-47B6-A68D-7590B98EB39B}
		{40101E71-1E85-4399-A975-AE878D30523D} = {827E0CD3-B72D-47B6-A68D-7590B98EB39B}
		{2CB68E99-BF9D-4261-A2BB-55295C4E0494} = {0AB3BF05-4346-4AA6-1389-037BE0695223}
		{9E690FF3-147F-46F9-A0B7-9326A56956A0} = {827E0CD3-B72D-47B6-A68D-7590B98EB39B}
		{82058594-E029-434A-8C3D-3FA2B41BC17C} = {827E0CD3-B72D-47B6-A68D-7590B98EB39B}
		{9217C2AD-3D70-4986-80C6-87BF4D0032D7} = {827E0CD3-B72D-47B6-A68D-7590B98EB39B}
		{FA7AF5F8-3781-4F64-90B1-FA7EFFE83DBC} = {827E0CD3-B72D-47B6-A68D-7590B98EB39B}
		{47BB6789-481C-434D-BEBD-F3D82D5CC500} = {827E0CD3-B72D-47B6-A68D-7590B98EB39B}
		{42CA58E5-1295-4382-A76B-E54DE56C4D69} = {0AB3BF05-4346-4AA6-1389-037BE0695223}
		{369B6507-1CC2-45D9-8BB7-020119EE30C1} = {827E0CD3-B72D-47B6-A68D-7590B98EB39B}
		{4E4AD4C1-5B7A-4258-AC98-169C3030E9D9} = {827E0CD3-B72D-47B6-A68D-7590B98EB39B}
		{AC8E5396-4377-404C-825A-58A0ABE17445} = {0AB3BF05-4346-4AA6-1389-037BE0695223}
		{A2E91E68-6864-4C0C-AC1F-3DA0FEADA968} = {07D57EEB-2F50-60C4-C011-FE4FA775C9A8}
		{01A3D283-5FD2-4870-8CA0-C2DBD0077B04} = {07D57EEB-2F50-60C4-C011-FE4FA775C9A8}
		{E2EC9FF3-52E1-4CC7-BEB9-F4D0F9839C19} = {827E0CD3-B72D-47B6-A68D-7590B98EB39B}
		{14F8376E-10A9-4FE3-9208-0C2B4F5EB581} = {0AB3BF05-4346-4AA6-1389-037BE0695223}
		{EB97773F-9A65-4152-BE80-CC9D0A786EDB} = {0AB3BF05-4346-4AA6-1389-037BE0695223}
		{CC445F0A-3BDB-45C4-954E-F00F0285FFEA} = {0AB3BF05-4346-4AA6-1389-037BE0695223}
		{57DFCB78-02C9-48D0-AEF0-E42FF43CCBBA} = {827E0CD3-B72D-47B6-A68D-7590B98EB39B}
		{729962D6-EAEE-401B-AB5D-917A517C44C5} = {07D57EEB-2F50-60C4-C011-FE4FA775C9A8}
		{5D54B2DB-0721-4E94-89A0-D3A3A893907C} = {07D57EEB-2F50-60C4-C011-FE4FA775C9A8}
		{C0A44301-D1FD-4B5B-80C9-FE3BED7D4B8C} = {07D57EEB-2F50-60C4-C011-FE4FA775C9A8}
	EndGlobalSection
EndGlobal
